
Microsoft Visual Studio Solution File, Format Version 12.00
# Visual Studio Version 17
VisualStudioVersion = 17.8.34525.116
MinimumVisualStudioVersion = 10.0.40219.1
Project("{8BC9CEB8-8B4A-11D0-8D11-00A0C91BC942}") = "LJS17", "LJS17\LJS17.vcxproj", "{19A84156-4343-41BF-B5E0-9C7F240109EF}"
EndProject
Global
	GlobalSection(SolutionConfigurationPlatforms) = preSolution
		Debug|x64 = Debug|x64
		Debug|x86 = Debug|x86
		Release|x64 = Release|x64
		Release|x86 = Release|x86
	EndGlobalSection
	GlobalSection(ProjectConfigurationPlatforms) = postSolution
		{19A84156-4343-41BF-B5E0-9C7F240109EF}.Debug|x64.ActiveCfg = Debug|x64
		{19A84156-4343-41BF-B5E0-9C7F240109EF}.Debug|x64.Build.0 = Debug|x64
		{19A84156-4343-41BF-B5E0-9C7F240109EF}.Debug|x86.ActiveCfg = Debug|Win32
		{19A84156-4343-41BF-B5E0-9C7F240109EF}.Debug|x86.Build.0 = Debug|Win32
		{19A84156-4343-41BF-B5E0-9C7F240109EF}.Release|x64.ActiveCfg = Release|x64
		{19A84156-4343-41BF-B5E0-9C7F240109EF}.Release|x64.Build.0 = Release|x64
		{19A84156-4343-41BF-B5E0-9C7F240109EF}.Release|x86.ActiveCfg = Release|Win32
		{19A84156-4343-41BF-B5E0-9C7F240109EF}.Release|x86.Build.0 = Release|Win32
	EndGlobalSection
	GlobalSection(SolutionProperties) = preSolution
		HideSolutionNode = FALSE
	EndGlobalSection
	GlobalSection(ExtensibilityGlobals) = postSolution
		SolutionGuid = {171F1704-120B-4656-BC3B-2CB8E2C9BA91}
	EndGlobalSection
EndGlobal
