
Microsoft Visual Studio Solution File, Format Version 12.00
# Visual Studio Version 17
VisualStudioVersion = 17.10.34916.146
MinimumVisualStudioVersion = 10.0.40219.1
Project("{8BC9CEB8-8B4A-11D0-8D11-00A0C91BC942}") = "240527HomeWork", "240527HomeWork\240527HomeWork.vcxproj", "{0083833E-DEBC-4C51-A091-1CCF2D9D6AC9}"
EndProject
Global
	GlobalSection(SolutionConfigurationPlatforms) = preSolution
		Debug|x64 = Debug|x64
		Debug|x86 = Debug|x86
		Release|x64 = Release|x64
		Release|x86 = Release|x86
	EndGlobalSection
	GlobalSection(ProjectConfigurationPlatforms) = postSolution
		{0083833E-DEBC-4C51-A091-1CCF2D9D6AC9}.Debug|x64.ActiveCfg = Debug|x64
		{0083833E-DEBC-4C51-A091-1CCF2D9D6AC9}.Debug|x64.Build.0 = Debug|x64
		{0083833E-DEBC-4C51-A091-1CCF2D9D6AC9}.Debug|x86.ActiveCfg = Debug|Win32
		{0083833E-DEBC-4C51-A091-1CCF2D9D6AC9}.Debug|x86.Build.0 = Debug|Win32
		{0083833E-DEBC-4C51-A091-1CCF2D9D6AC9}.Release|x64.ActiveCfg = Release|x64
		{0083833E-DEBC-4C51-A091-1CCF2D9D6AC9}.Release|x64.Build.0 = Release|x64
		{0083833E-DEBC-4C51-A091-1CCF2D9D6AC9}.Release|x86.ActiveCfg = Release|Win32
		{0083833E-DEBC-4C51-A091-1CCF2D9D6AC9}.Release|x86.Build.0 = Release|Win32
	EndGlobalSection
	GlobalSection(SolutionProperties) = preSolution
		HideSolutionNode = FALSE
	EndGlobalSection
	GlobalSection(ExtensibilityGlobals) = postSolution
		SolutionGuid = {1D634758-4134-48F1-B000-3A07B5D44D57}
	EndGlobalSection
EndGlobal
