
Microsoft Visual Studio Solution File, Format Version 12.00
# Visual Studio Version 17
VisualStudioVersion = 17.10.34928.147
MinimumVisualStudioVersion = 10.0.40219.1
Project("{8BC9CEB8-8B4A-11D0-8D11-00A0C91BC942}") = "LJS3_25", "LJS3_25\LJS3_25.vcxproj", "{EBD46798-9880-400C-9632-492D1FF30326}"
EndProject
Global
	GlobalSection(SolutionConfigurationPlatforms) = preSolution
		Debug|x64 = Debug|x64
		Debug|x86 = Debug|x86
		Release|x64 = Release|x64
		Release|x86 = Release|x86
	EndGlobalSection
	GlobalSection(ProjectConfigurationPlatforms) = postSolution
		{EBD46798-9880-400C-9632-492D1FF30326}.Debug|x64.ActiveCfg = Debug|x64
		{EBD46798-9880-400C-9632-492D1FF30326}.Debug|x64.Build.0 = Debug|x64
		{EBD46798-9880-400C-9632-492D1FF30326}.Debug|x86.ActiveCfg = Debug|Win32
		{EBD46798-9880-400C-9632-492D1FF30326}.Debug|x86.Build.0 = Debug|Win32
		{EBD46798-9880-400C-9632-492D1FF30326}.Release|x64.ActiveCfg = Release|x64
		{EBD46798-9880-400C-9632-492D1FF30326}.Release|x64.Build.0 = Release|x64
		{EBD46798-9880-400C-9632-492D1FF30326}.Release|x86.ActiveCfg = Release|Win32
		{EBD46798-9880-400C-9632-492D1FF30326}.Release|x86.Build.0 = Release|Win32
	EndGlobalSection
	GlobalSection(SolutionProperties) = preSolution
		HideSolutionNode = FALSE
	EndGlobalSection
	GlobalSection(ExtensibilityGlobals) = postSolution
		SolutionGuid = {FADCC387-8C95-4A91-B633-823FAC7054CE}
	EndGlobalSection
EndGlobal
