
Microsoft Visual Studio Solution File, Format Version 12.00
# Visual Studio Version 17
VisualStudioVersion = 17.11.35208.52
MinimumVisualStudioVersion = 10.0.40219.1
Project("{8BC9CEB8-8B4A-11D0-8D11-00A0C91BC942}") = "LJS04-24", "LJS04-24\LJS04-24.vcxproj", "{1F99C976-5C34-4F60-900D-FC32DB3C376E}"
EndProject
Global
	GlobalSection(SolutionConfigurationPlatforms) = preSolution
		Debug|x64 = Debug|x64
		Debug|x86 = Debug|x86
		Release|x64 = Release|x64
		Release|x86 = Release|x86
	EndGlobalSection
	GlobalSection(ProjectConfigurationPlatforms) = postSolution
		{1F99C976-5C34-4F60-900D-FC32DB3C376E}.Debug|x64.ActiveCfg = Debug|x64
		{1F99C976-5C34-4F60-900D-FC32DB3C376E}.Debug|x64.Build.0 = Debug|x64
		{1F99C976-5C34-4F60-900D-FC32DB3C376E}.Debug|x86.ActiveCfg = Debug|Win32
		{1F99C976-5C34-4F60-900D-FC32DB3C376E}.Debug|x86.Build.0 = Debug|Win32
		{1F99C976-5C34-4F60-900D-FC32DB3C376E}.Release|x64.ActiveCfg = Release|x64
		{1F99C976-5C34-4F60-900D-FC32DB3C376E}.Release|x64.Build.0 = Release|x64
		{1F99C976-5C34-4F60-900D-FC32DB3C376E}.Release|x86.ActiveCfg = Release|Win32
		{1F99C976-5C34-4F60-900D-FC32DB3C376E}.Release|x86.Build.0 = Release|Win32
	EndGlobalSection
	GlobalSection(SolutionProperties) = preSolution
		HideSolutionNode = FALSE
	EndGlobalSection
	GlobalSection(ExtensibilityGlobals) = postSolution
		SolutionGuid = {617AE5EF-C6B3-4C73-952B-87F8FA942622}
	EndGlobalSection
EndGlobal
