
Microsoft Visual Studio Solution File, Format Version 12.00
# Visual Studio Version 17
VisualStudioVersion = 17.11.35208.52
MinimumVisualStudioVersion = 10.0.40219.1
Project("{8BC9CEB8-8B4A-11D0-8D11-00A0C91BC942}") = "LJS05-27", "LJS05-27\LJS05-27.vcxproj", "{0E7505C0-D51B-4DEC-84DD-90D5620DF7F2}"
EndProject
Global
	GlobalSection(SolutionConfigurationPlatforms) = preSolution
		Debug|x64 = Debug|x64
		Debug|x86 = Debug|x86
		Release|x64 = Release|x64
		Release|x86 = Release|x86
	EndGlobalSection
	GlobalSection(ProjectConfigurationPlatforms) = postSolution
		{0E7505C0-D51B-4DEC-84DD-90D5620DF7F2}.Debug|x64.ActiveCfg = Debug|x64
		{0E7505C0-D51B-4DEC-84DD-90D5620DF7F2}.Debug|x64.Build.0 = Debug|x64
		{0E7505C0-D51B-4DEC-84DD-90D5620DF7F2}.Debug|x86.ActiveCfg = Debug|Win32
		{0E7505C0-D51B-4DEC-84DD-90D5620DF7F2}.Debug|x86.Build.0 = Debug|Win32
		{0E7505C0-D51B-4DEC-84DD-90D5620DF7F2}.Release|x64.ActiveCfg = Release|x64
		{0E7505C0-D51B-4DEC-84DD-90D5620DF7F2}.Release|x64.Build.0 = Release|x64
		{0E7505C0-D51B-4DEC-84DD-90D5620DF7F2}.Release|x86.ActiveCfg = Release|Win32
		{0E7505C0-D51B-4DEC-84DD-90D5620DF7F2}.Release|x86.Build.0 = Release|Win32
	EndGlobalSection
	GlobalSection(SolutionProperties) = preSolution
		HideSolutionNode = FALSE
	EndGlobalSection
	GlobalSection(ExtensibilityGlobals) = postSolution
		SolutionGuid = {BBAF72AF-1CEE-4503-8A4D-2C4ED2E71D42}
	EndGlobalSection
EndGlobal
