
Microsoft Visual Studio Solution File, Format Version 12.00
# Visual Studio Version 17
VisualStudioVersion = 17.11.35208.52
MinimumVisualStudioVersion = 10.0.40219.1
Project("{8BC9CEB8-8B4A-11D0-8D11-00A0C91BC942}") = "BinarySearchTree01", "BinarySearchTree01\BinarySearchTree01.vcxproj", "{D88413E1-7343-45FD-A2F6-00F1DB21757C}"
EndProject
Global
	GlobalSection(SolutionConfigurationPlatforms) = preSolution
		Debug|x64 = Debug|x64
		Debug|x86 = Debug|x86
		Release|x64 = Release|x64
		Release|x86 = Release|x86
	EndGlobalSection
	GlobalSection(ProjectConfigurationPlatforms) = postSolution
		{D88413E1-7343-45FD-A2F6-00F1DB21757C}.Debug|x64.ActiveCfg = Debug|x64
		{D88413E1-7343-45FD-A2F6-00F1DB21757C}.Debug|x64.Build.0 = Debug|x64
		{D88413E1-7343-45FD-A2F6-00F1DB21757C}.Debug|x86.ActiveCfg = Debug|Win32
		{D88413E1-7343-45FD-A2F6-00F1DB21757C}.Debug|x86.Build.0 = Debug|Win32
		{D88413E1-7343-45FD-A2F6-00F1DB21757C}.Release|x64.ActiveCfg = Release|x64
		{D88413E1-7343-45FD-A2F6-00F1DB21757C}.Release|x64.Build.0 = Release|x64
		{D88413E1-7343-45FD-A2F6-00F1DB21757C}.Release|x86.ActiveCfg = Release|Win32
		{D88413E1-7343-45FD-A2F6-00F1DB21757C}.Release|x86.Build.0 = Release|Win32
	EndGlobalSection
	GlobalSection(SolutionProperties) = preSolution
		HideSolutionNode = FALSE
	EndGlobalSection
	GlobalSection(ExtensibilityGlobals) = postSolution
		SolutionGuid = {F187F66D-9D5C-49D3-AE49-51BED5B08650}
	EndGlobalSection
EndGlobal
